// !$*UTF8*$!
{
	archiveVersion = 1;
	classes = {
	};
	objectVersion = 46;
	objects = {

/* Begin PBXBuildFile section */
		378594921FD6BD6D002F4798 /* AppDelegate.swift in Sources */ = {isa = PBXBuildFile; fileRef = 378594911FD6BD6D002F4798 /* AppDelegate.swift */; };
		378594941FD6BD6D002F4798 /* ViewController.swift in Sources */ = {isa = PBXBuildFile; fileRef = 378594931FD6BD6D002F4798 /* ViewController.swift */; };
		378594971FD6BD6D002F4798 /* Main.storyboard in Resources */ = {isa = PBXBuildFile; fileRef = 378594951FD6BD6D002F4798 /* Main.storyboard */; };
		378594991FD6BD6D002F4798 /* Assets.xcassets in Resources */ = {isa = PBXBuildFile; fileRef = 378594981FD6BD6D002F4798 /* Assets.xcassets */; };
		3785949C1FD6BD6D002F4798 /* LaunchScreen.storyboard in Resources */ = {isa = PBXBuildFile; fileRef = 3785949A1FD6BD6D002F4798 /* LaunchScreen.storyboard */; };
		379694F31FDA836C0057D6C5 /* ProteinsTableViewCell.swift in Sources */ = {isa = PBXBuildFile; fileRef = 379694F21FDA836C0057D6C5 /* ProteinsTableViewCell.swift */; };
		379694F51FDAAAC50057D6C5 /* DisplayProtein.swift in Sources */ = {isa = PBXBuildFile; fileRef = 379694F41FDAAAC50057D6C5 /* DisplayProtein.swift */; };
		37A2DA401FD9579A00083066 /* ProteinsListViewController.swift in Sources */ = {isa = PBXBuildFile; fileRef = 37A2DA3F1FD9579A00083066 /* ProteinsListViewController.swift */; };
		37A2DA441FD9A4AE00083066 /* ligands.txt in Resources */ = {isa = PBXBuildFile; fileRef = 37A2DA431FD9A4AE00083066 /* ligands.txt */; };
		BFB35EAB1FDD66A600920FD8 /* SceneKit.framework in Frameworks */ = {isa = PBXBuildFile; fileRef = BFB35EAA1FDD66A600920FD8 /* SceneKit.framework */; };
		BFB35EAD1FDD66E200920FD8 /* PrimitivesScene.swift in Sources */ = {isa = PBXBuildFile; fileRef = BFB35EAC1FDD66E200920FD8 /* PrimitivesScene.swift */; };
/* End PBXBuildFile section */

/* Begin PBXFileReference section */
		3785948E1FD6BD6D002F4798 /* Swifty Protein.app */ = {isa = PBXFileReference; explicitFileType = wrapper.application; includeInIndex = 0; path = "Swifty Protein.app"; sourceTree = BUILT_PRODUCTS_DIR; };
		378594911FD6BD6D002F4798 /* AppDelegate.swift */ = {isa = PBXFileReference; lastKnownFileType = sourcecode.swift; path = AppDelegate.swift; sourceTree = "<group>"; };
		378594931FD6BD6D002F4798 /* ViewController.swift */ = {isa = PBXFileReference; lastKnownFileType = sourcecode.swift; path = ViewController.swift; sourceTree = "<group>"; };
		378594961FD6BD6D002F4798 /* Base */ = {isa = PBXFileReference; lastKnownFileType = file.storyboard; name = Base; path = Base.lproj/Main.storyboard; sourceTree = "<group>"; };
		378594981FD6BD6D002F4798 /* Assets.xcassets */ = {isa = PBXFileReference; lastKnownFileType = folder.assetcatalog; path = Assets.xcassets; sourceTree = "<group>"; };
		3785949B1FD6BD6D002F4798 /* Base */ = {isa = PBXFileReference; lastKnownFileType = file.storyboard; name = Base; path = Base.lproj/LaunchScreen.storyboard; sourceTree = "<group>"; };
		3785949D1FD6BD6D002F4798 /* Info.plist */ = {isa = PBXFileReference; lastKnownFileType = text.plist.xml; path = Info.plist; sourceTree = "<group>"; };
		379694F21FDA836C0057D6C5 /* ProteinsTableViewCell.swift */ = {isa = PBXFileReference; fileEncoding = 4; lastKnownFileType = sourcecode.swift; path = ProteinsTableViewCell.swift; sourceTree = "<group>"; };
		379694F41FDAAAC50057D6C5 /* DisplayProtein.swift */ = {isa = PBXFileReference; fileEncoding = 4; lastKnownFileType = sourcecode.swift; path = DisplayProtein.swift; sourceTree = "<group>"; };
		37A2DA3F1FD9579A00083066 /* ProteinsListViewController.swift */ = {isa = PBXFileReference; fileEncoding = 4; lastKnownFileType = sourcecode.swift; path = ProteinsListViewController.swift; sourceTree = "<group>"; };
		37A2DA431FD9A4AE00083066 /* ligands.txt */ = {isa = PBXFileReference; fileEncoding = 4; lastKnownFileType = text; path = ligands.txt; sourceTree = "<group>"; };
		BFB35EAA1FDD66A600920FD8 /* SceneKit.framework */ = {isa = PBXFileReference; lastKnownFileType = wrapper.framework; name = SceneKit.framework; path = System/Library/Frameworks/SceneKit.framework; sourceTree = SDKROOT; };
		BFB35EAC1FDD66E200920FD8 /* PrimitivesScene.swift */ = {isa = PBXFileReference; fileEncoding = 4; lastKnownFileType = sourcecode.swift; path = PrimitivesScene.swift; sourceTree = "<group>"; };
/* End PBXFileReference section */

/* Begin PBXFrameworksBuildPhase section */
		3785948B1FD6BD6C002F4798 /* Frameworks */ = {
			isa = PBXFrameworksBuildPhase;
			buildActionMask = 2147483647;
			files = (
				BFB35EAB1FDD66A600920FD8 /* SceneKit.framework in Frameworks */,
			);
			runOnlyForDeploymentPostprocessing = 0;
		};
/* End PBXFrameworksBuildPhase section */

/* Begin PBXGroup section */
		378594851FD6BD6C002F4798 = {
			isa = PBXGroup;
			children = (
				378594901FD6BD6D002F4798 /* Swifty Protein */,
				3785948F1FD6BD6D002F4798 /* Products */,
				BFB35EA91FDD66A500920FD8 /* Frameworks */,
			);
			sourceTree = "<group>";
		};
		3785948F1FD6BD6D002F4798 /* Products */ = {
			isa = PBXGroup;
			children = (
				3785948E1FD6BD6D002F4798 /* Swifty Protein.app */,
			);
			name = Products;
			sourceTree = "<group>";
		};
		378594901FD6BD6D002F4798 /* Swifty Protein */ = {
			isa = PBXGroup;
			children = (
				37A2DA431FD9A4AE00083066 /* ligands.txt */,
				379694F41FDAAAC50057D6C5 /* DisplayProtein.swift */,
				378594911FD6BD6D002F4798 /* AppDelegate.swift */,
				BFB35EAC1FDD66E200920FD8 /* PrimitivesScene.swift */,
				378594931FD6BD6D002F4798 /* ViewController.swift */,
				379694F21FDA836C0057D6C5 /* ProteinsTableViewCell.swift */,
				37A2DA3F1FD9579A00083066 /* ProteinsListViewController.swift */,
				378594951FD6BD6D002F4798 /* Main.storyboard */,
				378594981FD6BD6D002F4798 /* Assets.xcassets */,
				3785949A1FD6BD6D002F4798 /* LaunchScreen.storyboard */,
				3785949D1FD6BD6D002F4798 /* Info.plist */,
			);
			path = "Swifty Protein";
			sourceTree = "<group>";
		};
		BFB35EA91FDD66A500920FD8 /* Frameworks */ = {
			isa = PBXGroup;
			children = (
				BFB35EAA1FDD66A600920FD8 /* SceneKit.framework */,
			);
			name = Frameworks;
			sourceTree = "<group>";
		};
/* End PBXGroup section */

/* Begin PBXNativeTarget section */
		3785948D1FD6BD6C002F4798 /* Swifty Protein */ = {
			isa = PBXNativeTarget;
			buildConfigurationList = 378594A01FD6BD6D002F4798 /* Build configuration list for PBXNativeTarget "Swifty Protein" */;
			buildPhases = (
				3785948A1FD6BD6C002F4798 /* Sources */,
				3785948B1FD6BD6C002F4798 /* Frameworks */,
				3785948C1FD6BD6C002F4798 /* Resources */,
			);
			buildRules = (
			);
			dependencies = (
			);
			name = "Swifty Protein";
			productName = "Swifty Protein";
			productReference = 3785948E1FD6BD6D002F4798 /* Swifty Protein.app */;
			productType = "com.apple.product-type.application";
		};
/* End PBXNativeTarget section */

/* Begin PBXProject section */
		378594861FD6BD6C002F4798 /* Project object */ = {
			isa = PBXProject;
			attributes = {
				LastSwiftUpdateCheck = 0820;
				LastUpgradeCheck = 0820;
				ORGANIZATIONNAME = "Dillon MATHER";
				TargetAttributes = {
					3785948D1FD6BD6C002F4798 = {
						CreatedOnToolsVersion = 8.2.1;
						ProvisioningStyle = Automatic;
					};
				};
			};
			buildConfigurationList = 378594891FD6BD6C002F4798 /* Build configuration list for PBXProject "Swifty Protein" */;
			compatibilityVersion = "Xcode 3.2";
			developmentRegion = English;
			hasScannedForEncodings = 0;
			knownRegions = (
				en,
				Base,
			);
			mainGroup = 378594851FD6BD6C002F4798;
			productRefGroup = 3785948F1FD6BD6D002F4798 /* Products */;
			projectDirPath = "";
			projectRoot = "";
			targets = (
				3785948D1FD6BD6C002F4798 /* Swifty Protein */,
			);
		};
/* End PBXProject section */

/* Begin PBXResourcesBuildPhase section */
		3785948C1FD6BD6C002F4798 /* Resources */ = {
			isa = PBXResourcesBuildPhase;
			buildActionMask = 2147483647;
			files = (
				3785949C1FD6BD6D002F4798 /* LaunchScreen.storyboard in Resources */,
				37A2DA441FD9A4AE00083066 /* ligands.txt in Resources */,
				378594991FD6BD6D002F4798 /* Assets.xcassets in Resources */,
				378594971FD6BD6D002F4798 /* Main.storyboard in Resources */,
			);
			runOnlyForDeploymentPostprocessing = 0;
		};
/* End PBXResourcesBuildPhase section */

/* Begin PBXSourcesBuildPhase section */
		3785948A1FD6BD6C002F4798 /* Sources */ = {
			isa = PBXSourcesBuildPhase;
			buildActionMask = 2147483647;
			files = (
				379694F51FDAAAC50057D6C5 /* DisplayProtein.swift in Sources */,
				378594941FD6BD6D002F4798 /* ViewController.swift in Sources */,
				BFB35EAD1FDD66E200920FD8 /* PrimitivesScene.swift in Sources */,
				379694F31FDA836C0057D6C5 /* ProteinsTableViewCell.swift in Sources */,
				37A2DA401FD9579A00083066 /* ProteinsListViewController.swift in Sources */,
				378594921FD6BD6D002F4798 /* AppDelegate.swift in Sources */,
			);
			runOnlyForDeploymentPostprocessing = 0;
		};
/* End PBXSourcesBuildPhase section */

/* Begin PBXVariantGroup section */
		378594951FD6BD6D002F4798 /* Main.storyboard */ = {
			isa = PBXVariantGroup;
			children = (
				378594961FD6BD6D002F4798 /* Base */,
			);
			name = Main.storyboard;
			sourceTree = "<group>";
		};
		3785949A1FD6BD6D002F4798 /* LaunchScreen.storyboard */ = {
			isa = PBXVariantGroup;
			children = (
				3785949B1FD6BD6D002F4798 /* Base */,
			);
			name = LaunchScreen.storyboard;
			sourceTree = "<group>";
		};
/* End PBXVariantGroup section */

/* Begin XCBuildConfiguration section */
		3785949E1FD6BD6D002F4798 /* Debug */ = {
			isa = XCBuildConfiguration;
			buildSettings = {
				ALWAYS_SEARCH_USER_PATHS = NO;
				CLANG_ANALYZER_NONNULL = YES;
				CLANG_CXX_LANGUAGE_STANDARD = "gnu++0x";
				CLANG_CXX_LIBRARY = "libc++";
				CLANG_ENABLE_MODULES = YES;
				CLANG_ENABLE_OBJC_ARC = YES;
				CLANG_WARN_BOOL_CONVERSION = YES;
				CLANG_WARN_CONSTANT_CONVERSION = YES;
				CLANG_WARN_DIRECT_OBJC_ISA_USAGE = YES_ERROR;
				CLANG_WARN_DOCUMENTATION_COMMENTS = YES;
				CLANG_WARN_EMPTY_BODY = YES;
				CLANG_WARN_ENUM_CONVERSION = YES;
				CLANG_WARN_INFINITE_RECURSION = YES;
				CLANG_WARN_INT_CONVERSION = YES;
				CLANG_WARN_OBJC_ROOT_CLASS = YES_ERROR;
				CLANG_WARN_SUSPICIOUS_MOVE = YES;
				CLANG_WARN_UNREACHABLE_CODE = YES;
				CLANG_WARN__DUPLICATE_METHOD_MATCH = YES;
				"CODE_SIGN_IDENTITY[sdk=iphoneos*]" = "iPhone Developer";
				COPY_PHASE_STRIP = NO;
				DEBUG_INFORMATION_FORMAT = dwarf;
				ENABLE_STRICT_OBJC_MSGSEND = YES;
				ENABLE_TESTABILITY = YES;
				GCC_C_LANGUAGE_STANDARD = gnu99;
				GCC_DYNAMIC_NO_PIC = NO;
				GCC_NO_COMMON_BLOCKS = YES;
				GCC_OPTIMIZATION_LEVEL = 0;
				GCC_PREPROCESSOR_DEFINITIONS = (
					"DEBUG=1",
					"$(inherited)",
				);
				GCC_WARN_64_TO_32_BIT_CONVERSION = YES;
				GCC_WARN_ABOUT_RETURN_TYPE = YES_ERROR;
				GCC_WARN_UNDECLARED_SELECTOR = YES;
				GCC_WARN_UNINITIALIZED_AUTOS = YES_AGGRESSIVE;
				GCC_WARN_UNUSED_FUNCTION = YES;
				GCC_WARN_UNUSED_VARIABLE = YES;
				IPHONEOS_DEPLOYMENT_TARGET = 10.2;
				MTL_ENABLE_DEBUG_INFO = YES;
				ONLY_ACTIVE_ARCH = YES;
				SDKROOT = iphoneos;
				SWIFT_ACTIVE_COMPILATION_CONDITIONS = DEBUG;
				SWIFT_OPTIMIZATION_LEVEL = "-Onone";
				TARGETED_DEVICE_FAMILY = "1,2";
			};
			name = Debug;
		};
		3785949F1FD6BD6D002F4798 /* Release */ = {
			isa = XCBuildConfiguration;
			buildSettings = {
				ALWAYS_SEARCH_USER_PATHS = NO;
				CLANG_ANALYZER_NONNULL = YES;
				CLANG_CXX_LANGUAGE_STANDARD = "gnu++0x";
				CLANG_CXX_LIBRARY = "libc++";
				CLANG_ENABLE_MODULES = YES;
				CLANG_ENABLE_OBJC_ARC = YES;
				CLANG_WARN_BOOL_CONVERSION = YES;
				CLANG_WARN_CONSTANT_CONVERSION = YES;
				CLANG_WARN_DIRECT_OBJC_ISA_USAGE = YES_ERROR;
				CLANG_WARN_DOCUMENTATION_COMMENTS = YES;
				CLANG_WARN_EMPTY_BODY = YES;
				CLANG_WARN_ENUM_CONVERSION = YES;
				CLANG_WARN_INFINITE_RECURSION = YES;
				CLANG_WARN_INT_CONVERSION = YES;
				CLANG_WARN_OBJC_ROOT_CLASS = YES_ERROR;
				CLANG_WARN_SUSPICIOUS_MOVE = YES;
				CLANG_WARN_UNREACHABLE_CODE = YES;
				CLANG_WARN__DUPLICATE_METHOD_MATCH = YES;
				"CODE_SIGN_IDENTITY[sdk=iphoneos*]" = "iPhone Developer";
				COPY_PHASE_STRIP = NO;
				DEBUG_INFORMATION_FORMAT = "dwarf-with-dsym";
				ENABLE_NS_ASSERTIONS = NO;
				ENABLE_STRICT_OBJC_MSGSEND = YES;
				GCC_C_LANGUAGE_STANDARD = gnu99;
				GCC_NO_COMMON_BLOCKS = YES;
				GCC_WARN_64_TO_32_BIT_CONVERSION = YES;
				GCC_WARN_ABOUT_RETURN_TYPE = YES_ERROR;
				GCC_WARN_UNDECLARED_SELECTOR = YES;
				GCC_WARN_UNINITIALIZED_AUTOS = YES_AGGRESSIVE;
				GCC_WARN_UNUSED_FUNCTION = YES;
				GCC_WARN_UNUSED_VARIABLE = YES;
				IPHONEOS_DEPLOYMENT_TARGET = 10.2;
				MTL_ENABLE_DEBUG_INFO = NO;
				SDKROOT = iphoneos;
				SWIFT_OPTIMIZATION_LEVEL = "-Owholemodule";
				TARGETED_DEVICE_FAMILY = "1,2";
				VALIDATE_PRODUCT = YES;
			};
			name = Release;
		};
		378594A11FD6BD6D002F4798 /* Debug */ = {
			isa = XCBuildConfiguration;
			buildSettings = {
				ASSETCATALOG_COMPILER_APPICON_NAME = AppIcon;
				INFOPLIST_FILE = "Swifty Protein/Info.plist";
				LD_RUNPATH_SEARCH_PATHS = "$(inherited) @executable_path/Frameworks";
				PRODUCT_BUNDLE_IDENTIFIER = "dmather.Swifty-Protein";
				PRODUCT_NAME = "$(TARGET_NAME)";
				SWIFT_VERSION = 3.0;
			};
			name = Debug;
		};
		378594A21FD6BD6D002F4798 /* Release */ = {
			isa = XCBuildConfiguration;
			buildSettings = {
				ASSETCATALOG_COMPILER_APPICON_NAME = AppIcon;
				INFOPLIST_FILE = "Swifty Protein/Info.plist";
				LD_RUNPATH_SEARCH_PATHS = "$(inherited) @executable_path/Frameworks";
				PRODUCT_BUNDLE_IDENTIFIER = "dmather.Swifty-Protein";
				PRODUCT_NAME = "$(TARGET_NAME)";
				SWIFT_VERSION = 3.0;
			};
			name = Release;
		};
/* End XCBuildConfiguration section */

/* Begin XCConfigurationList section */
		378594891FD6BD6C002F4798 /* Build configuration list for PBXProject "Swifty Protein" */ = {
			isa = XCConfigurationList;
			buildConfigurations = (
				3785949E1FD6BD6D002F4798 /* Debug */,
				3785949F1FD6BD6D002F4798 /* Release */,
			);
			defaultConfigurationIsVisible = 0;
			defaultConfigurationName = Release;
		};
		378594A01FD6BD6D002F4798 /* Build configuration list for PBXNativeTarget "Swifty Protein" */ = {
			isa = XCConfigurationList;
			buildConfigurations = (
				378594A11FD6BD6D002F4798 /* Debug */,
				378594A21FD6BD6D002F4798 /* Release */,
			);
			defaultConfigurationIsVisible = 0;
			defaultConfigurationName = Release;
		};
/* End XCConfigurationList section */
	};
	rootObject = 378594861FD6BD6C002F4798 /* Project object */;
}
